# This file is automatically @generated by Cargo.
# It is not intended for manual editing.
version = 4

[[package]]
name = "aimdb-adapters"
version = "0.1.0"

[[package]]
name = "aimdb-cli"
version = "0.1.0"

[[package]]
name = "aimdb-connectors"
version = "0.1.0"

[[package]]
name = "aimdb-core"
version = "0.1.0"

[[package]]
name = "aimdb-examples"
version = "0.1.0"
